# THIS IS AN AUTOGENERATED FILE. DO NOT EDIT THIS FILE DIRECTLY.
# yarn lockfile v1


"@latticexyz/recs@^1.43.0":
  version "1.43.0"
  resolved "https://registry.yarnpkg.com/@latticexyz/recs/-/recs-1.43.0.tgz#51d8bb0d164ef3c79b86bb8201870177d2eab91b"
  integrity sha512-rWCtFeqeoPYT+hsu1whd47cVSvRtOrBe1tGngqxZdiYnLx1bbj5rW9xXzS1Vg+8PgLeX034yZCoV+RjcaGIRPg==

"@latticexyz/std-client@^1.43.0":
  version "1.43.0"
  resolved "https://registry.yarnpkg.com/@latticexyz/std-client/-/std-client-1.43.0.tgz#85a2a08e2f6e4d95bcb0e0d52dd7529591bb3747"
  integrity sha512-DYM3FPgfdwpU7FsX+ZYDWJ+J7Sg598QRrhOqsfaf4aicsRfsiKJpk78JM8+3BC6V97p0sxMR4aMQsibZDzS3TQ==
